# THIS IS AN AUTOGENERATED FILE. DO NOT EDIT THIS FILE DIRECTLY.
# yarn lockfile v1


"@apollo/react-common@^3.1.3":
  version "3.1.3"
  resolved "https://registry.yarnpkg.com/@apollo/react-common/-/react-common-3.1.3.tgz#ddc34f6403f55d47c0da147fd4756dfd7c73dac5"
  integrity sha512-Q7ZjDOeqjJf/AOGxUMdGxKF+JVClRXrYBGVq+SuVFqANRpd68MxtVV2OjCWavsFAN0eqYnRqRUrl7vtUCiJqeg==
  dependencies:
    ts-invariant "^0.4.4"
    tslib "^1.10.0"

"@apollo/react-components@^3.1.3":
  version "3.1.3"
  resolved "https://registry.yarnpkg.com/@apollo/react-components/-/react-components-3.1.3.tgz#8f6726847cd9b0eb4b22586b1a038d29aa8b1da4"
  integrity sha512-H0l2JKDQMz+LkM93QK7j3ThbNXkWQCduN3s3eKxFN3Rdg7rXsrikJWvx2wQ868jmqy0VhwJbS1vYdRLdh114uQ==
  dependencies:
    "@apollo/react-common" "^3.1.3"
    "@apollo/react-hooks" "^3.1.3"
    prop-types "^15.7.2"
    ts-invariant "^0.4.4"
    tslib "^1.10.0"

"@apollo/react-hooks@^3.1.3":
  version "3.1.3"
  resolved "https://registry.yarnpkg.com/@apollo/react-hooks/-/react-hooks-3.1.3.tgz#ad42c7af78e81fee0f30e53242640410d5bd0293"
  integrity sha512-reIRO9xKdfi+B4gT/o/hnXuopUnm7WED/ru8VQydPw+C/KG/05Ssg1ZdxFKHa3oxwiTUIDnevtccIH35POanbA==
  dependencies:
    "@apollo/react-common" "^3.1.3"
    "@wry/equality" "^0.1.9"
    ts-invariant "^0.4.4"
    tslib "^1.10.0"

"@react-native-community/async-storage@^1.8.1":
  version "1.8.1"
  resolved "https://registry.yarnpkg.com/@react-native-community/async-storage/-/async-storage-1.8.1.tgz#c93e69dcf948667b207e409b8039b7edf199159b"
  integrity sha512-MA1fTp4SB7OOtDmNAwds6jIpiwwty1NIoFboWjEWkoyWW35zIuxlhHxD4joSy21aWEzUVwvv6JJ2hSsP/HTb7A==

"@react-navigation/bottom-tabs@^5.2.0":
  version "5.2.0"
  resolved "https://registry.yarnpkg.com/@react-navigation/bottom-tabs/-/bottom-tabs-5.2.0.tgz#03a9699682ef757c6518ce8c14bf036ca888c3f5"
  integrity sha512-bRUZXVixT/2RaBeeyUJtg1dUQRJD3xCcB6Rf0kRP1uTCeRwukSuLRjtgohW2OfBrOfTy/+Dxiw5p4h5Q0F0myw==
  dependencies:
    color "^3.1.2"
    react-native-iphone-x-helper "^1.2.1"

"@react-navigation/core@^5.2.2":
  version "5.2.2"
  resolved "https://registry.yarnpkg.com/@react-navigation/core/-/core-5.2.2.tgz#3f32b964bcea7682c8d742e6923decd6c68d0704"
  integrity sha512-/Ov9RTPpfWOq3Ot7jAz92RShWQyQT6duK7LKajkHbRsQ6q9+kagHWpzm1HTLEf1EHQBYlRk8GkS9kMDHtvjywQ==
  dependencies:
    "@react-navigation/routers" "^5.1.1"
    escape-string-regexp "^2.0.0"
    query-string "^6.11.1"
    react-is "^16.13.0"
    shortid "^2.2.15"
    use-subscription "^1.4.0"

"@react-navigation/native@^5.0.10":
  version "5.0.10"
  resolved "https://registry.yarnpkg.com/@react-navigation/native/-/native-5.0.10.tgz#bbb128cd963138d90f8327519088ae896fb22b4d"
  integrity sha512-VoVKuiwOwYh8u+Y1rfLQ4mGXzBgjWVHFD1exhOIMIAymbEBV5rFZkS0D5SHbDpL+SVW6wovv4jK85Gdutd8mEg==
  dependencies:
    "@react-navigation/core" "^5.2.2"

"@react-navigation/routers@^5.1.1":
  version "5.1.1"
  resolved "https://registry.yarnpkg.com/@react-navigation/routers/-/routers-5.1.1.tgz#574d957dd9cea9c181af2b0a0347ba0b7cb9a255"
  integrity sha512-gqZA2LSqxTvsaGEY6HG8/oy+YEoOfG0xMtj0xoJlwdwL5UcOBX8cew93UzamRxWeGW05dM7og1z+j6XRQzdPGw==
  dependencies:
    shortid "^2.2.15"

"@react-navigation/stack@^5.2.0":
  version "5.2.0"
  resolved "https://registry.yarnpkg.com/@react-navigation/stack/-/stack-5.2.0.tgz#e16138cd23b457594e790999552ab3d72e8e2707"
  integrity sha512-lFTVV1S9YEPsIxzLUPY95Y2lqmday79uOadOopQkjq3JWmZTXBJDMW9jgV8B+F5EfUh0VabQ2zX06OfjxrvtUw==
  dependencies:
    color "^3.1.2"
    react-native-iphone-x-helper "^1.2.1"

"@types/node@>=6":
  version "13.9.1"
  resolved "https://registry.yarnpkg.com/@types/node/-/node-13.9.1.tgz#96f606f8cd67fb018847d9b61e93997dabdefc72"
  integrity sha512-E6M6N0blf/jiZx8Q3nb0vNaswQeEyn0XlupO+xN6DtJ6r6IT4nXrTry7zhIfYvFCl3/8Cu6WIysmUBKiqV0bqQ==

"@types/zen-observable@^0.8.0":
  version "0.8.0"
  resolved "https://registry.yarnpkg.com/@types/zen-observable/-/zen-observable-0.8.0.tgz#8b63ab7f1aa5321248aad5ac890a485656dcea4d"
  integrity sha512-te5lMAWii1uEJ4FwLjzdlbw3+n0FZNOvFXHxQDKeT0dilh7HOzdMzV2TrJVUzq8ep7J4Na8OUYPRLSQkJHAlrg==

"@wry/context@^0.4.0":
  version "0.4.4"
  resolved "https://registry.yarnpkg.com/@wry/context/-/context-0.4.4.tgz#e50f5fa1d6cfaabf2977d1fda5ae91717f8815f8"
  integrity sha512-LrKVLove/zw6h2Md/KZyWxIkFM6AoyKp71OqpH9Hiip1csjPVoD3tPxlbQUNxEnHENks3UGgNpSBCAfq9KWuag==
  dependencies:
    "@types/node" ">=6"
    tslib "^1.9.3"

"@wry/equality@^0.1.2", "@wry/equality@^0.1.9":
  version "0.1.9"
  resolved "https://registry.yarnpkg.com/@wry/equality/-/equality-0.1.9.tgz#b13e18b7a8053c6858aa6c85b54911fb31e3a909"
  integrity sha512-mB6ceGjpMGz1ZTza8HYnrPGos2mC6So4NhS1PtZ8s4Qt0K7fBiIGhpSxUbQmhwcSWE3no+bYxmI2OL6KuXYmoQ==
  dependencies:
    tslib "^1.9.3"

ansi-regex@^4.1.0:
  version "4.1.0"
  resolved "https://registry.yarnpkg.com/ansi-regex/-/ansi-regex-4.1.0.tgz#8b9f8f08cf1acb843756a839ca8c7e3168c51997"
  integrity sha512-1apePfXM1UOSqw0o9IiFAovVz9M5S1Dg+4TrDwfMewQ6p/rmMueb7tWZjQ1rx4Loy1ArBggoqGpfqqdI4rondg==

ansi-styles@^3.2.0:
  version "3.2.1"
  resolved "https://registry.yarnpkg.com/ansi-styles/-/ansi-styles-3.2.1.tgz#41fbb20243e50b12be0f04b8dedbf07520ce841d"
  integrity sha512-VT0ZI6kZRdTh8YyJw3SMbYm/u+NqfsAxEpWO0Pf9sq8/e94WxxOpPKx9FR1FlyCtOVDNOQ+8ntlqFxiRc+r5qA==
  dependencies:
    color-convert "^1.9.0"

apollo-boost@^0.4.7:
  version "0.4.7"
  resolved "https://registry.yarnpkg.com/apollo-boost/-/apollo-boost-0.4.7.tgz#b0680ab0893e3f8b1ab1058dcfa2b00cb6440d79"
  integrity sha512-jfc3aqO0vpCV+W662EOG5gq4AH94yIsvSgAUuDvS3o/Z+8Joqn4zGC9CgLCDHusK30mFgtsEgwEe0pZoedohsQ==
  dependencies:
    apollo-cache "^1.3.4"
    apollo-cache-inmemory "^1.6.5"
    apollo-client "^2.6.7"
    apollo-link "^1.0.6"
    apollo-link-error "^1.0.3"
    apollo-link-http "^1.3.1"
    graphql-tag "^2.4.2"
    ts-invariant "^0.4.0"
    tslib "^1.10.0"

apollo-cache-inmemory@^1.6.5:
  version "1.6.5"
  resolved "https://registry.yarnpkg.com/apollo-cache-inmemory/-/apollo-cache-inmemory-1.6.5.tgz#2ccaa3827686f6ed7fb634203dbf2b8d7015856a"
  integrity sha512-koB76JUDJaycfejHmrXBbWIN9pRKM0Z9CJGQcBzIOtmte1JhEBSuzsOUu7NQgiXKYI4iGoMREcnaWffsosZynA==
  dependencies:
    apollo-cache "^1.3.4"
    apollo-utilities "^1.3.3"
    optimism "^0.10.0"
    ts-invariant "^0.4.0"
    tslib "^1.10.0"

apollo-cache@1.3.4, apollo-cache@^1.3.4:
  version "1.3.4"
  resolved "https://registry.yarnpkg.com/apollo-cache/-/apollo-cache-1.3.4.tgz#0c9f63c793e1cd6e34c450f7668e77aff58c9a42"
  integrity sha512-7X5aGbqaOWYG+SSkCzJNHTz2ZKDcyRwtmvW4mGVLRqdQs+HxfXS4dUS2CcwrAj449se6tZ6NLUMnjko4KMt3KA==
  dependencies:
    apollo-utilities "^1.3.3"
    tslib "^1.10.0"

apollo-client@^2.6.7:
  version "2.6.8"
  resolved "https://registry.yarnpkg.com/apollo-client/-/apollo-client-2.6.8.tgz#01cebc18692abf90c6b3806414e081696b0fa537"
  integrity sha512-0zvJtAcONiozpa5z5zgou83iEKkBaXhhSSXJebFHRXs100SecDojyUWKjwTtBPn9HbM6o5xrvC5mo9VQ5fgAjw==
  dependencies:
    "@types/zen-observable" "^0.8.0"
    apollo-cache "1.3.4"
    apollo-link "^1.0.0"
    apollo-utilities "1.3.3"
    symbol-observable "^1.0.2"
    ts-invariant "^0.4.0"
    tslib "^1.10.0"
    zen-observable "^0.8.0"

apollo-link-error@^1.0.3:
  version "1.1.12"
  resolved "https://registry.yarnpkg.com/apollo-link-error/-/apollo-link-error-1.1.12.tgz#e24487bb3c30af0654047611cda87038afbacbf9"
  integrity sha512-psNmHyuy3valGikt/XHJfe0pKJnRX19tLLs6P6EHRxg+6q6JMXNVLYPaQBkL0FkwdTCB0cbFJAGRYCBviG8TDA==
  dependencies:
    apollo-link "^1.2.13"
    apollo-link-http-common "^0.2.15"
    tslib "^1.9.3"

apollo-link-http-common@^0.2.15:
  version "0.2.15"
  resolved "https://registry.yarnpkg.com/apollo-link-http-common/-/apollo-link-http-common-0.2.15.tgz#304e67705122bf69a9abaded4351b10bc5efd6d9"
  integrity sha512-+Heey4S2IPsPyTf8Ag3PugUupASJMW894iVps6hXbvwtg1aHSNMXUYO5VG7iRHkPzqpuzT4HMBanCTXPjtGzxg==
  dependencies:
    apollo-link "^1.2.13"
    ts-invariant "^0.4.0"
    tslib "^1.9.3"

apollo-link-http@^1.3.1:
  version "1.5.16"
  resolved "https://registry.yarnpkg.com/apollo-link-http/-/apollo-link-http-1.5.16.tgz#44fe760bcc2803b8a7f57fc9269173afb00f3814"
  integrity sha512-IA3xA/OcrOzINRZEECI6IdhRp/Twom5X5L9jMehfzEo2AXdeRwAMlH5LuvTZHgKD8V1MBnXdM6YXawXkTDSmJw==
  dependencies:
    apollo-link "^1.2.13"
    apollo-link-http-common "^0.2.15"
    tslib "^1.9.3"

apollo-link@^1.0.0, apollo-link@^1.0.6, apollo-link@^1.2.13:
  version "1.2.13"
  resolved "https://registry.yarnpkg.com/apollo-link/-/apollo-link-1.2.13.tgz#dff00fbf19dfcd90fddbc14b6a3f9a771acac6c4"
  integrity sha512-+iBMcYeevMm1JpYgwDEIDt/y0BB7VWyvlm/7x+TIPNLHCTCMgcEgDuW5kH86iQZWo0I7mNwQiTOz+/3ShPFmBw==
  dependencies:
    apollo-utilities "^1.3.0"
    ts-invariant "^0.4.0"
    tslib "^1.9.3"
    zen-observable-ts "^0.8.20"

apollo-utilities@1.3.3, apollo-utilities@^1.3.0, apollo-utilities@^1.3.3:
  version "1.3.3"
  resolved "https://registry.yarnpkg.com/apollo-utilities/-/apollo-utilities-1.3.3.tgz#f1854715a7be80cd810bc3ac95df085815c0787c"
  integrity sha512-F14aX2R/fKNYMvhuP2t9GD9fggID7zp5I96MF5QeKYWDWTrkRdHRp4+SVfXUVN+cXOaB/IebfvRtzPf25CM0zw==
  dependencies:
    "@wry/equality" "^0.1.2"
    fast-json-stable-stringify "^2.0.0"
    ts-invariant "^0.4.0"
    tslib "^1.10.0"

camelcase@^5.0.0:
  version "5.3.1"
  resolved "https://registry.yarnpkg.com/camelcase/-/camelcase-5.3.1.tgz#e3c9b31569e106811df242f715725a1f4c494320"
  integrity sha512-L28STB170nwWS63UjtlEOE3dldQApaJXZkOI1uMFfzf3rRuPegHaHesyee+YxQ+W6SvRDQV6UrdOdRiR153wJg==

cliui@^5.0.0:
  version "5.0.0"
  resolved "https://registry.yarnpkg.com/cliui/-/cliui-5.0.0.tgz#deefcfdb2e800784aa34f46fa08e06851c7bbbc5"
  integrity sha512-PYeGSEmmHM6zvoef2w8TPzlrnNpXIjTipYK780YswmIP9vjxmd6Y2a3CB2Ks6/AU8NHjZugXvo8w3oWM2qnwXA==
  dependencies:
    string-width "^3.1.0"
    strip-ansi "^5.2.0"
    wrap-ansi "^5.1.0"

color-convert@^1.9.0, color-convert@^1.9.1:
  version "1.9.3"
  resolved "https://registry.yarnpkg.com/color-convert/-/color-convert-1.9.3.tgz#bb71850690e1f136567de629d2d5471deda4c1e8"
  integrity sha512-QfAUtd+vFdAtFQcC8CCyYt1fYWxSqAiK2cSD6zDB8N3cpsEBAvRxp9zOGg6G/SHHJYAT88/az/IuDGALsNVbGg==
  dependencies:
    color-name "1.1.3"

color-name@1.1.3:
  version "1.1.3"
  resolved "https://registry.yarnpkg.com/color-name/-/color-name-1.1.3.tgz#a7d0558bd89c42f795dd42328f740831ca53bc25"
  integrity sha1-p9BVi9icQveV3UIyj3QIMcpTvCU=

color-name@^1.0.0:
  version "1.1.4"
  resolved "https://registry.yarnpkg.com/color-name/-/color-name-1.1.4.tgz#c2a09a87acbde69543de6f63fa3995c826c536a2"
  integrity sha512-dOy+3AuW3a2wNbZHIuMZpTcgjGuLU/uBL/ubcZF9OXbDo8ff4O8yVp5Bf0efS8uEoYo5q4Fx7dY9OgQGXgAsQA==

color-string@^1.5.2:
  version "1.5.3"
  resolved "https://registry.yarnpkg.com/color-string/-/color-string-1.5.3.tgz#c9bbc5f01b58b5492f3d6857459cb6590ce204cc"
  integrity sha512-dC2C5qeWoYkxki5UAXapdjqO672AM4vZuPGRQfO8b5HKuKGBbKWpITyDYN7TOFKvRW7kOgAn3746clDBMDJyQw==
  dependencies:
    color-name "^1.0.0"
    simple-swizzle "^0.2.2"

color@^3.1.2:
  version "3.1.2"
  resolved "https://registry.yarnpkg.com/color/-/color-3.1.2.tgz#68148e7f85d41ad7649c5fa8c8106f098d229e10"
  integrity sha512-vXTJhHebByxZn3lDvDJYw4lR5+uB3vuoHsuYA5AKuxRVn5wzzIfQKGLBmgdVRHKTJYeK5rvJcHnrd0Li49CFpg==
  dependencies:
    color-convert "^1.9.1"
    color-string "^1.5.2"

decamelize@^1.2.0:
  version "1.2.0"
  resolved "https://registry.yarnpkg.com/decamelize/-/decamelize-1.2.0.tgz#f6534d15148269b20352e7bee26f501f9a191290"
  integrity sha1-9lNNFRSCabIDUue+4m9QH5oZEpA=

decode-uri-component@^0.2.0:
  version "0.2.0"
  resolved "https://registry.yarnpkg.com/decode-uri-component/-/decode-uri-component-0.2.0.tgz#eb3913333458775cb84cd1a1fae062106bb87545"
  integrity sha1-6zkTMzRYd1y4TNGh+uBiEGu4dUU=

emoji-regex@^7.0.1:
  version "7.0.3"
  resolved "https://registry.yarnpkg.com/emoji-regex/-/emoji-regex-7.0.3.tgz#933a04052860c85e83c122479c4748a8e4c72156"
  integrity sha512-CwBLREIQ7LvYFB0WyRvwhq5N5qPhc6PMjD6bYggFlI5YyDgl+0vxq5VHbMOFqLg7hfWzmu8T5Z1QofhmTIhItA==

escape-string-regexp@^2.0.0:
  version "2.0.0"
  resolved "https://registry.yarnpkg.com/escape-string-regexp/-/escape-string-regexp-2.0.0.tgz#a30304e99daa32e23b2fd20f51babd07cffca344"
  integrity sha512-UpzcLCXolUWcNu5HtVMHYdXJjArjsF9C0aNnquZYY4uW/Vu0miy5YoWvbV345HauVvcAUnpRuhMMcqTcGOY2+w==

fast-json-stable-stringify@^2.0.0:
  version "2.1.0"
  resolved "https://registry.yarnpkg.com/fast-json-stable-stringify/-/fast-json-stable-stringify-2.1.0.tgz#874bf69c6f404c2b5d99c481341399fd55892633"
  integrity sha512-lhd/wF+Lk98HZoTCtlVraHtfh5XYijIjalXck7saUtuanSDyLMxnHhSXEDJqHxD7msR8D0uCmqlkwjCV8xvwHw==

find-up@^3.0.0:
  version "3.0.0"
  resolved "https://registry.yarnpkg.com/find-up/-/find-up-3.0.0.tgz#49169f1d7993430646da61ecc5ae355c21c97b73"
  integrity sha512-1yD6RmLI1XBfxugvORwlck6f75tYL+iR0jqwsOrOxMZyGYqUuDhJ0l4AXdO1iX/FTs9cBAMEk1gWSEx1kSbylg==
  dependencies:
    locate-path "^3.0.0"

get-caller-file@^2.0.1:
  version "2.0.5"
  resolved "https://registry.yarnpkg.com/get-caller-file/-/get-caller-file-2.0.5.tgz#4f94412a82db32f36e3b0b9741f8a97feb031f7e"
  integrity sha512-DyFP3BM/3YHTQOCUL/w0OZHR0lpKeGrxotcHWcqNEdnltqFwXVfhEBQ94eIo34AfQpo0rGki4cyIiftY06h2Fg==

graphql-tag@^2.4.2:
  version "2.10.3"
  resolved "https://registry.yarnpkg.com/graphql-tag/-/graphql-tag-2.10.3.tgz#ea1baba5eb8fc6339e4c4cf049dabe522b0edf03"
  integrity sha512-4FOv3ZKfA4WdOKJeHdz6B3F/vxBLSgmBcGeAFPf4n1F64ltJUvOOerNj0rsJxONQGdhUMynQIvd6LzB+1J5oKA==

graphql@^14.6.0:
  version "14.6.0"
  resolved "https://registry.yarnpkg.com/graphql/-/graphql-14.6.0.tgz#57822297111e874ea12f5cd4419616930cd83e49"
  integrity sha512-VKzfvHEKybTKjQVpTFrA5yUq2S9ihcZvfJAtsDBBCuV6wauPu1xl/f9ehgVf0FcEJJs4vz6ysb/ZMkGigQZseg==
  dependencies:
    iterall "^1.2.2"

is-arrayish@^0.3.1:
  version "0.3.2"
  resolved "https://registry.yarnpkg.com/is-arrayish/-/is-arrayish-0.3.2.tgz#4574a2ae56f7ab206896fb431eaeed066fdf8f03"
  integrity sha512-eVRqCvVlZbuw3GrM63ovNSNAeA1K16kaR/LRY/92w0zxQ5/1YzwblUX652i4Xs9RwAGjW9d9y6X88t8OaAJfWQ==

is-fullwidth-code-point@^2.0.0:
  version "2.0.0"
  resolved "https://registry.yarnpkg.com/is-fullwidth-code-point/-/is-fullwidth-code-point-2.0.0.tgz#a3b30a5c4f199183167aaab93beefae3ddfb654f"
  integrity sha1-o7MKXE8ZkYMWeqq5O+764937ZU8=

iterall@^1.2.2:
  version "1.3.0"
  resolved "https://registry.yarnpkg.com/iterall/-/iterall-1.3.0.tgz#afcb08492e2915cbd8a0884eb93a8c94d0d72fea"
  integrity sha512-QZ9qOMdF+QLHxy1QIpUHUU1D5pS2CG2P69LF6L6CPjPYA/XMOmKV3PZpawHoAjHNyB0swdVTRxdYT4tbBbxqwg==

"js-tokens@^3.0.0 || ^4.0.0":
  version "4.0.0"
  resolved "https://registry.yarnpkg.com/js-tokens/-/js-tokens-4.0.0.tgz#19203fb59991df98e3a287050d4647cdeaf32499"
  integrity sha512-RdJUflcE3cUzKiMqQgsCu06FPu9UdIJO0beYbPhHN4k6apgJtifcoCtT9bcxOpYBtpD2kCM6Sbzg4CausW/PKQ==

locate-path@^3.0.0:
  version "3.0.0"
  resolved "https://registry.yarnpkg.com/locate-path/-/locate-path-3.0.0.tgz#dbec3b3ab759758071b58fe59fc41871af21400e"
  integrity sha512-7AO748wWnIhNqAuaty2ZWHkQHRSNfPVIsPIfwEOWO22AmaoVrWavlOcMR5nzTLNYvp36X220/maaRsrec1G65A==
  dependencies:
    p-locate "^3.0.0"
    path-exists "^3.0.0"

lodash@^4.0.0:
  version "4.17.15"
  resolved "https://registry.yarnpkg.com/lodash/-/lodash-4.17.15.tgz#b447f6670a0455bbfeedd11392eff330ea097548"
  integrity sha512-8xOcRHvCjnocdS5cpwXQXVzmmh5e5+saE2QGoeQmbKmRS6J3VQppPOIt0MnmE+4xlZoumy0GPG0D0MVIQbNA1A==

loose-envify@^1.4.0:
  version "1.4.0"
  resolved "https://registry.yarnpkg.com/loose-envify/-/loose-envify-1.4.0.tgz#71ee51fa7be4caec1a63839f7e682d8132d30caf"
  integrity sha512-lyuxPGr/Wfhrlem2CL/UcnUc1zcqKAImBDzukY7Y5F/yQiNdko6+fRLevlw1HgMySw7f611UIY408EtxRSoK3Q==
  dependencies:
    js-tokens "^3.0.0 || ^4.0.0"

moment@^2.17.1, moment@^2.24.0:
  version "2.24.0"
  resolved "https://registry.yarnpkg.com/moment/-/moment-2.24.0.tgz#0d055d53f5052aa653c9f6eb68bb5d12bf5c2b5b"
  integrity sha512-bV7f+6l2QigeBBZSM/6yTNq4P2fNpSWj/0e7jQcy87A8e7o2nAfP/34/2ky5Vw4B9S446EtIhodAzkFCcR4dQg==

nanoid@^2.1.0:
  version "2.1.11"
  resolved "https://registry.yarnpkg.com/nanoid/-/nanoid-2.1.11.tgz#ec24b8a758d591561531b4176a01e3ab4f0f0280"
  integrity sha512-s/snB+WGm6uwi0WjsZdaVcuf3KJXlfGl2LcxgwkEwJF0D/BWzVWAZW/XY4bFaiR7s0Jk3FPvlnepg1H1b1UwlA==

object-assign@^4.1.1:
  version "4.1.1"
  resolved "https://registry.yarnpkg.com/object-assign/-/object-assign-4.1.1.tgz#2109adc7965887cfc05cbbd442cac8bfbb360863"
  integrity sha1-IQmtx5ZYh8/AXLvUQsrIv7s2CGM=

optimism@^0.10.0:
  version "0.10.3"
  resolved "https://registry.yarnpkg.com/optimism/-/optimism-0.10.3.tgz#163268fdc741dea2fb50f300bedda80356445fd7"
  integrity sha512-9A5pqGoQk49H6Vhjb9kPgAeeECfUDF6aIICbMDL23kDLStBn1MWk3YvcZ4xWF9CsSf6XEgvRLkXy4xof/56vVw==
  dependencies:
    "@wry/context" "^0.4.0"

p-limit@^2.0.0:
  version "2.2.2"
  resolved "https://registry.yarnpkg.com/p-limit/-/p-limit-2.2.2.tgz#61279b67721f5287aa1c13a9a7fbbc48c9291b1e"
  integrity sha512-WGR+xHecKTr7EbUEhyLSh5Dube9JtdiG78ufaeLxTgpudf/20KqyMioIUZJAezlTIi6evxuoUs9YXc11cU+yzQ==
  dependencies:
    p-try "^2.0.0"

p-locate@^3.0.0:
  version "3.0.0"
  resolved "https://registry.yarnpkg.com/p-locate/-/p-locate-3.0.0.tgz#322d69a05c0264b25997d9f40cd8a891ab0064a4"
  integrity sha512-x+12w/To+4GFfgJhBEpiDcLozRJGegY+Ei7/z0tSLkMmxGZNybVMSfWj9aJn8Z5Fc7dBUNJOOVgPv2H7IwulSQ==
  dependencies:
    p-limit "^2.0.0"

p-try@^2.0.0:
  version "2.2.0"
  resolved "https://registry.yarnpkg.com/p-try/-/p-try-2.2.0.tgz#cb2868540e313d61de58fafbe35ce9004d5540e6"
  integrity sha512-R4nPAVTAU0B9D35/Gk3uJf/7XYbQcyohSKdvAxIRSNghFl4e71hVoGnBNQz9cWaXxO2I10KTC+3jMdvvoKw6dQ==

path-exists@^3.0.0:
  version "3.0.0"
  resolved "https://registry.yarnpkg.com/path-exists/-/path-exists-3.0.0.tgz#ce0ebeaa5f78cb18925ea7d810d7b59b010fd515"
  integrity sha1-zg6+ql94yxiSXqfYENe1mwEP1RU=

prop-types@^15.6.0, prop-types@^15.6.2, prop-types@^15.7.2:
  version "15.7.2"
  resolved "https://registry.yarnpkg.com/prop-types/-/prop-types-15.7.2.tgz#52c41e75b8c87e72b9d9360e0206b99dcbffa6c5"
  integrity sha512-8QQikdH7//R2vurIJSutZ1smHYTcLpRWEOlHnzcWHmBYrOGUysKwSsrC89BCiFj3CbrfJ/nXFdJepOVrY1GCHQ==
  dependencies:
    loose-envify "^1.4.0"
    object-assign "^4.1.1"
    react-is "^16.8.1"

query-string@^6.11.1:
  version "6.11.1"
  resolved "https://registry.yarnpkg.com/query-string/-/query-string-6.11.1.tgz#ab021f275d463ce1b61e88f0ce6988b3e8fe7c2c"
  integrity sha512-1ZvJOUl8ifkkBxu2ByVM/8GijMIPx+cef7u3yroO3Ogm4DOdZcF5dcrWTIlSHe3Pg/mtlt6/eFjObDfJureZZA==
  dependencies:
    decode-uri-component "^0.2.0"
    split-on-first "^1.0.0"
    strict-uri-encode "^2.0.0"

react-is@^16.13.0, react-is@^16.8.1:
  version "16.13.0"
  resolved "https://registry.yarnpkg.com/react-is/-/react-is-16.13.0.tgz#0f37c3613c34fe6b37cd7f763a0d6293ab15c527"
  integrity sha512-GFMtL0vHkiBv9HluwNZTggSn/sCyEt9n02aM0dSAjGGyqyNlAyftYm4phPxdvCigG15JreC5biwxCgTAJZ7yAA==

react-native-iphone-x-helper@^1.2.1:
  version "1.2.1"
  resolved "https://registry.yarnpkg.com/react-native-iphone-x-helper/-/react-native-iphone-x-helper-1.2.1.tgz#645e2ffbbb49e80844bb4cbbe34a126fda1e6772"
  integrity sha512-/VbpIEp8tSNNHIvstuA3Swx610whci1Zpc9mqNkqn14DkMbw+ORviln2u0XyHG1kPvvwTNGZY6QpeFwxYaSdbQ==

react-native-onboarding-swiper@^1.1.0:
  version "1.1.0"
  resolved "https://registry.yarnpkg.com/react-native-onboarding-swiper/-/react-native-onboarding-swiper-1.1.0.tgz#fb4c5a10fc91e3d2fe7fa2e9860b3e4e997e672a"
  integrity sha512-hU3DkRlo5pR4A8mAdvwWULZrnZx6rfNiQsdwP7cLHZNGRIYBBX09CxVgI9NYDf0iiEWDGfZQzqNeUk1uSbpSEg==
  dependencies:
    tinycolor2 "^1.4.1"

react-native-range-datepicker@^1.9.1:
  version "1.9.1"
  resolved "https://registry.yarnpkg.com/react-native-range-datepicker/-/react-native-range-datepicker-1.9.1.tgz#bb01f0aa850cbc965cc12420b40abc66f2c7a78f"
  integrity sha512-CIhTbenWyOo30R6UiuvQdM2giaRHQorhu7ML7tQDFcGiukamCFNn+jT+FDC9dBbDPuByAIY9nWFAJu+8D9fVWg==
  dependencies:
    moment "^2.17.1"
    prop-types "^15.6.0"

react-native-reanimated@^1.7.0:
  version "1.7.0"
  resolved "https://registry.yarnpkg.com/react-native-reanimated/-/react-native-reanimated-1.7.0.tgz#896db2576552ac59d288a1f6c7f00afc171f240c"
  integrity sha512-FQWSqP605eQVJumuK2HpR+7heF0ZI+qfy4jNguv3Xv8nPFHeIgZaRTXHCEQL2AcuSIj50zy8jGJf5l134QMQWQ==

react-native-safe-area-context@^0.7.3:
  version "0.7.3"
  resolved "https://registry.yarnpkg.com/react-native-safe-area-context/-/react-native-safe-area-context-0.7.3.tgz#ad6bd4abbabe195332c53810e4ce5851eb21aa2a"
  integrity sha512-9Uqu1vlXPi+2cKW/CW6OnHxA76mWC4kF3wvlqzq4DY8hn37AeiXtLFs2WkxH4yXQRrnJdP6ivc65Lz+MqwRZAA==

react-native-vector-icons@^6.6.0:
  version "6.6.0"
  resolved "https://registry.yarnpkg.com/react-native-vector-icons/-/react-native-vector-icons-6.6.0.tgz#66cf004918eb05d90778d64bd42077c1800d481b"
  integrity sha512-MImKVx8JEvVVBnaShMr7/yTX4Y062JZMupht1T+IEgbqBj4aQeQ1z2SH4VHWKNtWtppk4kz9gYyUiMWqx6tNSw==
  dependencies:
    lodash "^4.0.0"
    prop-types "^15.6.2"
    yargs "^13.2.2"

require-directory@^2.1.1:
  version "2.1.1"
  resolved "https://registry.yarnpkg.com/require-directory/-/require-directory-2.1.1.tgz#8c64ad5fd30dab1c976e2344ffe7f792a6a6df42"
  integrity sha1-jGStX9MNqxyXbiNE/+f3kqam30I=

require-main-filename@^2.0.0:
  version "2.0.0"
  resolved "https://registry.yarnpkg.com/require-main-filename/-/require-main-filename-2.0.0.tgz#d0b329ecc7cc0f61649f62215be69af54aa8989b"
  integrity sha512-NKN5kMDylKuldxYLSUfrbo5Tuzh4hd+2E8NPPX02mZtn1VuREQToYe/ZdlJy+J3uCpfaiGF05e7B8W0iXbQHmg==

set-blocking@^2.0.0:
  version "2.0.0"
  resolved "https://registry.yarnpkg.com/set-blocking/-/set-blocking-2.0.0.tgz#045f9782d011ae9a6803ddd382b24392b3d890f7"
  integrity sha1-BF+XgtARrppoA93TgrJDkrPYkPc=

shortid@^2.2.15:
  version "2.2.15"
  resolved "https://registry.yarnpkg.com/shortid/-/shortid-2.2.15.tgz#2b902eaa93a69b11120373cd42a1f1fe4437c122"
  integrity sha512-5EaCy2mx2Jgc/Fdn9uuDuNIIfWBpzY4XIlhoqtXF6qsf+/+SGZ+FxDdX/ZsMZiWupIWNqAEmiNY4RC+LSmCeOw==
  dependencies:
    nanoid "^2.1.0"

simple-swizzle@^0.2.2:
  version "0.2.2"
  resolved "https://registry.yarnpkg.com/simple-swizzle/-/simple-swizzle-0.2.2.tgz#a4da6b635ffcccca33f70d17cb92592de95e557a"
  integrity sha1-pNprY1/8zMoz9w0Xy5JZLeleVXo=
  dependencies:
    is-arrayish "^0.3.1"

split-on-first@^1.0.0:
  version "1.1.0"
  resolved "https://registry.yarnpkg.com/split-on-first/-/split-on-first-1.1.0.tgz#f610afeee3b12bce1d0c30425e76398b78249a5f"
  integrity sha512-43ZssAJaMusuKWL8sKUBQXHWOpq8d6CfN/u1p4gUzfJkM05C8rxTmYrkIPTXapZpORA6LkkzcUulJ8FqA7Uudw==

strict-uri-encode@^2.0.0:
  version "2.0.0"
  resolved "https://registry.yarnpkg.com/strict-uri-encode/-/strict-uri-encode-2.0.0.tgz#b9c7330c7042862f6b142dc274bbcc5866ce3546"
  integrity sha1-ucczDHBChi9rFC3CdLvMWGbONUY=

string-width@^3.0.0, string-width@^3.1.0:
  version "3.1.0"
  resolved "https://registry.yarnpkg.com/string-width/-/string-width-3.1.0.tgz#22767be21b62af1081574306f69ac51b62203961"
  integrity sha512-vafcv6KjVZKSgz06oM/H6GDBrAtz8vdhQakGjFIvNrHA6y3HCF1CInLy+QLq8dTJPQ1b+KDUqDFctkdRW44e1w==
  dependencies:
    emoji-regex "^7.0.1"
    is-fullwidth-code-point "^2.0.0"
    strip-ansi "^5.1.0"

strip-ansi@^5.0.0, strip-ansi@^5.1.0, strip-ansi@^5.2.0:
  version "5.2.0"
  resolved "https://registry.yarnpkg.com/strip-ansi/-/strip-ansi-5.2.0.tgz#8c9a536feb6afc962bdfa5b104a5091c1ad9c0ae"
  integrity sha512-DuRs1gKbBqsMKIZlrffwlug8MHkcnpjs5VPmL1PAh+mA30U0DTotfDZ0d2UUsXpPmPmMMJ6W773MaA3J+lbiWA==
  dependencies:
    ansi-regex "^4.1.0"

symbol-observable@^1.0.2:
  version "1.2.0"
  resolved "https://registry.yarnpkg.com/symbol-observable/-/symbol-observable-1.2.0.tgz#c22688aed4eab3cdc2dfeacbb561660560a00804"
  integrity sha512-e900nM8RRtGhlV36KGEU9k65K3mPb1WV70OdjfxlG2EAuM1noi/E/BaW/uMhL7bPEssK8QV57vN3esixjUvcXQ==

tinycolor2@^1.4.1:
  version "1.4.1"
  resolved "https://registry.yarnpkg.com/tinycolor2/-/tinycolor2-1.4.1.tgz#f4fad333447bc0b07d4dc8e9209d8f39a8ac77e8"
  integrity sha1-9PrTM0R7wLB9TcjpIJ2POaisd+g=

ts-invariant@^0.4.0, ts-invariant@^0.4.4:
  version "0.4.4"
  resolved "https://registry.yarnpkg.com/ts-invariant/-/ts-invariant-0.4.4.tgz#97a523518688f93aafad01b0e80eb803eb2abd86"
  integrity sha512-uEtWkFM/sdZvRNNDL3Ehu4WVpwaulhwQszV8mrtcdeE8nN00BV9mAmQ88RkrBhFgl9gMgvjJLAQcZbnPXI9mlA==
  dependencies:
    tslib "^1.9.3"

tslib@^1.10.0, tslib@^1.9.3:
  version "1.11.1"
  resolved "https://registry.yarnpkg.com/tslib/-/tslib-1.11.1.tgz#eb15d128827fbee2841549e171f45ed338ac7e35"
  integrity sha512-aZW88SY8kQbU7gpV19lN24LtXh/yD4ZZg6qieAJDDg+YBsJcSmLGK9QpnUjAKVG/xefmvJGd1WUmfpT/g6AJGA==

use-subscription@^1.4.0:
  version "1.4.0"
  resolved "https://registry.yarnpkg.com/use-subscription/-/use-subscription-1.4.0.tgz#c4e808cfed6fe6e1ac875df1369c63f3ddae9522"
  integrity sha512-R7P7JWpeHp+dtEYsgDzIIgOmVqRfJjRjLOO0YIYk6twctUkUYe6Tz0pcabyTDGcMMRt9uMbFMfwBfxKHg9gCSw==
  dependencies:
    object-assign "^4.1.1"

which-module@^2.0.0:
  version "2.0.0"
  resolved "https://registry.yarnpkg.com/which-module/-/which-module-2.0.0.tgz#d9ef07dce77b9902b8a3a8fa4b31c3e3f7e6e87a"
  integrity sha1-2e8H3Od7mQK4o6j6SzHD4/fm6Ho=

wrap-ansi@^5.1.0:
  version "5.1.0"
  resolved "https://registry.yarnpkg.com/wrap-ansi/-/wrap-ansi-5.1.0.tgz#1fd1f67235d5b6d0fee781056001bfb694c03b09"
  integrity sha512-QC1/iN/2/RPVJ5jYK8BGttj5z83LmSKmvbvrXPNCLZSEb32KKVDJDl/MOt2N01qU2H/FkzEa9PKto1BqDjtd7Q==
  dependencies:
    ansi-styles "^3.2.0"
    string-width "^3.0.0"
    strip-ansi "^5.0.0"

y18n@^4.0.0:
  version "4.0.0"
  resolved "https://registry.yarnpkg.com/y18n/-/y18n-4.0.0.tgz#95ef94f85ecc81d007c264e190a120f0a3c8566b"
  integrity sha512-r9S/ZyXu/Xu9q1tYlpsLIsa3EeLXXk0VwlxqTcFRfg9EhMW+17kbt9G0NrgCmhGb5vT2hyhJZLfDGx+7+5Uj/w==

yargs-parser@^13.1.2:
  version "13.1.2"
  resolved "https://registry.yarnpkg.com/yargs-parser/-/yargs-parser-13.1.2.tgz#130f09702ebaeef2650d54ce6e3e5706f7a4fb38"
  integrity sha512-3lbsNRf/j+A4QuSZfDRA7HRSfWrzO0YjqTJd5kjAq37Zep1CEgaYmrH9Q3GwPiB9cHyd1Y1UwggGhJGoxipbzg==
  dependencies:
    camelcase "^5.0.0"
    decamelize "^1.2.0"

yargs@^13.2.2:
  version "13.3.2"
  resolved "https://registry.yarnpkg.com/yargs/-/yargs-13.3.2.tgz#ad7ffefec1aa59565ac915f82dccb38a9c31a2dd"
  integrity sha512-AX3Zw5iPruN5ie6xGRIDgqkT+ZhnRlZMLMHAs8tg7nRruy2Nb+i5o9bwghAogtM08q1dpr2LVoS8KSTMYpWXUw==
  dependencies:
    cliui "^5.0.0"
    find-up "^3.0.0"
    get-caller-file "^2.0.1"
    require-directory "^2.1.1"
    require-main-filename "^2.0.0"
    set-blocking "^2.0.0"
    string-width "^3.0.0"
    which-module "^2.0.0"
    y18n "^4.0.0"
    yargs-parser "^13.1.2"

zen-observable-ts@^0.8.20:
  version "0.8.20"
  resolved "https://registry.yarnpkg.com/zen-observable-ts/-/zen-observable-ts-0.8.20.tgz#44091e335d3fcbc97f6497e63e7f57d5b516b163"
  integrity sha512-2rkjiPALhOtRaDX6pWyNqK1fnP5KkJJybYebopNSn6wDG1lxBoFs2+nwwXKoA6glHIrtwrfBBy6da0stkKtTAA==
  dependencies:
    tslib "^1.9.3"
    zen-observable "^0.8.0"

zen-observable@^0.8.0:
  version "0.8.15"
  resolved "https://registry.yarnpkg.com/zen-observable/-/zen-observable-0.8.15.tgz#96415c512d8e3ffd920afd3889604e30b9eaac15"
  integrity sha512-PQ2PC7R9rslx84ndNBZB/Dkv8V8fZEpk83RLgXtYd0fwUgEjseMn1Dgajh2x6S8QbZAFa9p2qVCEuYZNgve0dQ==
